<Solution>
  <Folder Name="/src/">
    <Project Path="src/Scrap.Cli/Scrap.Cli.csproj" />
    <Project Path="src/Scrap.Crypto/Scrap.Crypto.csproj" />
    <Project Path="src/Scrap.Daemon/Scrap.Daemon.csproj" />
    <Project Path="src/Scrap.Domain/Scrap.Domain.csproj" />
    <Project Path="src/Scrap.Gui/Scrap.Gui.csproj" />
    <Project Path="src/Scrap.Platform/Scrap.Platform.csproj" />
    <Project Path="src/Scrap.Protocol/Scrap.Protocol.csproj" />
    <Project Path="src/Scrap.Storage.Sqlite/Scrap.Storage.Sqlite.csproj" />
  </Folder>
  <Folder Name="/tests/">
    <Project Path="tests/Scrap.Daemon.Tests/Scrap.Daemon.Tests.csproj" />
    <Project Path="tests/Scrap.Domain.Tests/Scrap.Domain.Tests.csproj" />
    <Project Path="tests/Scrap.Integration.Tests/Scrap.Integration.Tests.csproj" />
    <Project Path="tests/Scrap.Protocol.Tests/Scrap.Protocol.Tests.csproj" />
    <Project Path="tests/Scrap.Storage.Tests/Scrap.Storage.Tests.csproj" />
  </Folder>
</Solution>
